{
  "requires": true,
  "lockfileVersion": 1,
  "dependencies": {
    "are-we-there-yet": {
      "version": "1.1.5",
      "resolved": "http://registry.npm.taobao.org/are-we-there-yet/download/are-we-there-yet-1.1.5.tgz",
      "dev": true,
      "dependencies": {
        "delegates": {
          "version": "http://registry.npm.taobao.org/delegates/download/delegates-1.0.0.tgz",
          "bundled": true
        },
        "readable-stream": {
          "version": "http://registry.npm.taobao.org/readable-stream/download/readable-stream-2.3.6.tgz",
          "bundled": true
        }
      }
    },
    "async-foreach": {
      "version": "0.1.3",
      "resolved": "http://registry.npm.taobao.org/async-foreach/download/async-foreach-0.1.3.tgz",
      "dev": true
    },
    "cross-spawn": {
      "version": "3.0.1",
      "resolved": "http://registry.npm.taobao.org/cross-spawn/download/cross-spawn-3.0.1.tgz",
      "dev": true,
      "dependencies": {
        "lru-cache": {
          "version": "http://registry.npm.taobao.org/lru-cache/download/lru-cache-4.1.3.tgz",
          "bundled": true
        },
        "which": {
          "version": "http://registry.npm.taobao.org/which/download/which-1.3.1.tgz",
          "bundled": true
        }
      }
    },
    "gauge": {
      "version": "2.7.4",
      "resolved": "http://registry.npm.taobao.org/gauge/download/gauge-2.7.4.tgz",
      "dev": true,
      "dependencies": {
        "ansi-regex": {
          "version": "2.1.1",
          "bundled": true
        },
        "aproba": {
          "version": "http://registry.npm.taobao.org/aproba/download/aproba-1.2.0.tgz",
          "bundled": true
        },
        "console-control-strings": {
          "version": "http://registry.npm.taobao.org/console-control-strings/download/console-control-strings-1.1.0.tgz",
          "bundled": true
        },
        "has-unicode": {
          "version": "http://registry.npm.taobao.org/has-unicode/download/has-unicode-2.0.1.tgz",
          "bundled": true
        },
        "is-fullwidth-code-point": {
          "version": "1.0.0",
          "bundled": true
        },
        "object-assign": {
          "version": "http://registry.npm.taobao.org/object-assign/download/object-assign-4.1.1.tgz",
          "bundled": true
        },
        "signal-exit": {
          "version": "http://registry.npm.taobao.org/signal-exit/download/signal-exit-3.0.2.tgz",
          "bundled": true
        },
        "string-width": {
          "version": "1.0.2",
          "bundled": true
        },
        "strip-ansi": {
          "version": "3.0.1",
          "bundled": true
        },
        "wide-align": {
          "version": "http://registry.npm.taobao.org/wide-align/download/wide-align-1.1.3.tgz",
          "bundled": true
        }
      }
    },
    "glob": {
      "version": "7.1.3",
      "resolved": "http://registry.npm.taobao.org/glob/download/glob-7.1.3.tgz",
      "dev": true,
      "dependencies": {
        "fs.realpath": {
          "version": "http://registry.npm.taobao.org/fs.realpath/download/fs.realpath-1.0.0.tgz",
          "bundled": true
        },
        "inflight": {
          "version": "http://registry.npm.taobao.org/inflight/download/inflight-1.0.6.tgz",
          "bundled": true
        },
        "inherits": {
          "version": "http://registry.npm.taobao.org/inherits/download/inherits-2.0.3.tgz",
          "bundled": true
        },
        "minimatch": {
          "version": "http://registry.npm.taobao.org/minimatch/download/minimatch-3.0.4.tgz",
          "bundled": true
        },
        "once": {
          "version": "http://registry.npm.taobao.org/once/download/once-1.4.0.tgz",
          "bundled": true
        },
        "path-is-absolute": {
          "version": "http://registry.npm.taobao.org/path-is-absolute/download/path-is-absolute-1.0.1.tgz",
          "bundled": true
        }
      }
    },
    "in-publish": {
      "version": "2.0.0",
      "resolved": "http://registry.npm.taobao.org/in-publish/download/in-publish-2.0.0.tgz",
      "dev": true
    },
    "mkdirp": {
      "version": "0.5.1",
      "resolved": "http://registry.npm.taobao.org/mkdirp/download/mkdirp-0.5.1.tgz",
      "dev": true,
      "dependencies": {
        "minimist": {
          "version": "0.0.8",
          "bundled": true
        }
      }
    },
    "nan": {
      "version": "2.11.1",
      "resolved": "http://registry.npm.taobao.org/nan/download/nan-2.11.1.tgz",
      "dev": true
    },
    "node-gyp": {
      "version": "3.8.0",
      "resolved": "http://registry.npm.taobao.org/node-gyp/download/node-gyp-3.8.0.tgz",
      "dev": true,
      "requires": {
        "glob": "^7.0.3",
        "mkdirp": "^0.5.0"
      },
      "dependencies": {
        "fstream": {
          "version": "http://registry.npm.taobao.org/fstream/download/fstream-1.0.11.tgz",
          "bundled": true
        },
        "glob": {
          "version": "http://registry.npm.taobao.org/glob/download/glob-7.1.3.tgz",
          "bundled": true,
          "dependencies": {
            "fs.realpath": {
              "version": "http://registry.npm.taobao.org/fs.realpath/download/fs.realpath-1.0.0.tgz",
              "bundled": true
            },
            "inflight": {
              "version": "http://registry.npm.taobao.org/inflight/download/inflight-1.0.6.tgz",
              "bundled": true
            },
            "inherits": {
              "version": "http://registry.npm.taobao.org/inherits/download/inherits-2.0.3.tgz",
              "bundled": true
            },
            "minimatch": {
              "version": "http://registry.npm.taobao.org/minimatch/download/minimatch-3.0.4.tgz",
              "bundled": true
            },
            "once": {
              "version": "http://registry.npm.taobao.org/once/download/once-1.4.0.tgz",
              "bundled": true
            },
            "path-is-absolute": {
              "version": "http://registry.npm.taobao.org/path-is-absolute/download/path-is-absolute-1.0.1.tgz",
              "bundled": true
            }
          }
        },
        "graceful-fs": {
          "version": "http://registry.npm.taobao.org/graceful-fs/download/graceful-fs-4.1.14.tgz",
          "bundled": true
        },
        "mkdirp": {
          "version": "http://registry.npm.taobao.org/mkdirp/download/mkdirp-0.5.1.tgz",
          "bundled": true
        },
        "nopt": {
          "version": "http://registry.npm.taobao.org/nopt/download/nopt-3.0.6.tgz",
          "bundled": true
        },
        "npmlog": {
          "version": "http://registry.npm.taobao.org/npmlog/download/npmlog-4.1.2.tgz",
          "bundled": true
        },
        "osenv": {
          "version": "http://registry.npm.taobao.org/osenv/download/osenv-0.1.5.tgz",
          "bundled": true
        },
        "request": {
          "version": "http://registry.npm.taobao.org/request/download/request-2.88.0.tgz",
          "bundled": true
        },
        "rimraf": {
          "version": "http://registry.npm.taobao.org/rimraf/download/rimraf-2.6.2.tgz",
          "bundled": true
        },
        "semver": {
          "version": "5.3.0",
          "bundled": true
        },
        "tar": {
          "version": "http://registry.npm.taobao.org/tar/download/tar-2.2.1.tgz",
          "bundled": true
        },
        "which": {
          "version": "http://registry.npm.taobao.org/which/download/which-1.3.1.tgz",
          "bundled": true
        }
      }
    },
    "node-sass": {
      "version": "4.9.4",
      "resolved": "http://registry.npm.taobao.org/node-sass/download/node-sass-4.9.4.tgz",
      "dev": true,
      "requires": {
        "async-foreach": "^0.1.3",
        "cross-spawn": "^3.0.0",
        "glob": "^7.0.3",
        "in-publish": "^2.0.0",
        "mkdirp": "^0.5.1",
        "nan": "^2.10.0",
        "node-gyp": "^3.8.0",
        "npmlog": "^4.0.0"
      },
      "dependencies": {
        "npmlog": {
          "version": "4.1.2",
          "resolved": "http://registry.npm.taobao.org/npmlog/download/npmlog-4.1.2.tgz",
          "integrity": "sha1-CKfyqL9zRgR3mp76StXMcXq7lUs=",
          "dev": true,
          "requires": {
            "are-we-there-yet": "~1.1.2",
            "gauge": "~2.7.3"
          }
        }
      }
    },
    "normalize.css": {
      "version": "8.0.0",
      "resolved": "http://registry.npm.taobao.org/normalize.css/download/normalize.css-8.0.0.tgz"
    },
    "sass-loader": {
      "version": "7.1.0",
      "resolved": "http://registry.npm.taobao.org/sass-loader/download/sass-loader-7.1.0.tgz",
      "dev": true,
      "requires": {
        "clone-deep": "^2.0.1",
        "lodash.tail": "^4.1.1"
      },
      "dependencies": {
        "clone-deep": {
          "version": "2.0.2",
          "resolved": "http://registry.npm.taobao.org/clone-deep/download/clone-deep-2.0.2.tgz",
          "integrity": "sha1-ANs6Hhc2VnMNEYjD1qztbX6pdxM=",
          "dev": true,
          "requires": {
            "for-own": "^1.0.0"
          }
        },
        "for-in": {
          "version": "1.0.2",
          "resolved": "http://registry.npm.taobao.org/for-in/download/for-in-1.0.2.tgz",
          "integrity": "sha1-gQaNKVqBQuwKxybG4iAMMPttXoA=",
          "dev": true
        },
        "for-own": {
          "version": "1.0.0",
          "resolved": "http://registry.npm.taobao.org/for-own/download/for-own-1.0.0.tgz",
          "integrity": "sha1-xjMy9BXO3EsE2/5wz4NklMU8tEs=",
          "dev": true,
          "requires": {
            "for-in": "^1.0.1"
          }
        },
        "loader-utils": {
          "version": "http://registry.npm.taobao.org/loader-utils/download/loader-utils-1.1.0.tgz",
          "bundled": true
        },
        "lodash.tail": {
          "version": "4.1.1",
          "resolved": "http://registry.npm.taobao.org/lodash.tail/download/lodash.tail-4.1.1.tgz",
          "integrity": "sha1-0jM6NtnncXyK0vfKyv7HwytERmQ=",
          "dev": true
        },
        "neo-async": {
          "version": "http://registry.npm.taobao.org/neo-async/download/neo-async-2.6.0.tgz",
          "bundled": true
        },
        "pify": {
          "version": "http://registry.npm.taobao.org/pify/download/pify-3.0.0.tgz",
          "bundled": true
        },
        "semver": {
          "version": "http://registry.npm.taobao.org/semver/download/semver-5.6.0.tgz",
          "bundled": true
        }
      }
    }
  }
}
